
Microsoft Visual Studio Solution File, Format Version 12.00
# Visual Studio Version 17
VisualStudioVersion = 17.6.33723.286
MinimumVisualStudioVersion = 10.0.40219.1
Project("{FAE04EC0-301F-11D3-BF4B-00C04F79EFBC}") = "AP_ApiNet6.Domain", "AP_ApiNet6.Domain\AP_ApiNet6.Domain.csproj", "{41BB9D91-96BA-4C0E-850E-2B8B27ADAD35}"
EndProject
Project("{FAE04EC0-301F-11D3-BF4B-00C04F79EFBC}") = "AP_ApiNet6.Infra.Data", "AP_ApiNet6.Infra.Data\AP_ApiNet6.Infra.Data.csproj", "{40EA580C-FDE9-4FCE-8C05-ACDE89984647}"
EndProject
Project("{FAE04EC0-301F-11D3-BF4B-00C04F79EFBC}") = "AP_ApiNet6.Application", "AP_ApiNet6.Application\AP_ApiNet6.Application.csproj", "{5A2452F7-D99C-4752-BBED-53E8C73D082A}"
EndProject
Project("{FAE04EC0-301F-11D3-BF4B-00C04F79EFBC}") = "AP_ApiNet6.Infra.Ioc", "AP_ApiNet6.Infra.Ioc\AP_ApiNet6.Infra.Ioc.csproj", "{F5A93856-72A5-45A7-AE32-2CADB5C686C5}"
EndProject
Project("{FAE04EC0-301F-11D3-BF4B-00C04F79EFBC}") = "AP_ApiNet6.Api", "AP_ApiNet6.Api\AP_ApiNet6.Api.csproj", "{67E3A17A-6095-4D86-8DC6-D837C31549E2}"
EndProject
Global
	GlobalSection(SolutionConfigurationPlatforms) = preSolution
		Debug|Any CPU = Debug|Any CPU
		Release|Any CPU = Release|Any CPU
	EndGlobalSection
	GlobalSection(ProjectConfigurationPlatforms) = postSolution
		{41BB9D91-96BA-4C0E-850E-2B8B27ADAD35}.Debug|Any CPU.ActiveCfg = Debug|Any CPU
		{41BB9D91-96BA-4C0E-850E-2B8B27ADAD35}.Debug|Any CPU.Build.0 = Debug|Any CPU
		{41BB9D91-96BA-4C0E-850E-2B8B27ADAD35}.Release|Any CPU.ActiveCfg = Release|Any CPU
		{41BB9D91-96BA-4C0E-850E-2B8B27ADAD35}.Release|Any CPU.Build.0 = Release|Any CPU
		{40EA580C-FDE9-4FCE-8C05-ACDE89984647}.Debug|Any CPU.ActiveCfg = Debug|Any CPU
		{40EA580C-FDE9-4FCE-8C05-ACDE89984647}.Debug|Any CPU.Build.0 = Debug|Any CPU
		{40EA580C-FDE9-4FCE-8C05-ACDE89984647}.Release|Any CPU.ActiveCfg = Release|Any CPU
		{40EA580C-FDE9-4FCE-8C05-ACDE89984647}.Release|Any CPU.Build.0 = Release|Any CPU
		{5A2452F7-D99C-4752-BBED-53E8C73D082A}.Debug|Any CPU.ActiveCfg = Debug|Any CPU
		{5A2452F7-D99C-4752-BBED-53E8C73D082A}.Debug|Any CPU.Build.0 = Debug|Any CPU
		{5A2452F7-D99C-4752-BBED-53E8C73D082A}.Release|Any CPU.ActiveCfg = Release|Any CPU
		{5A2452F7-D99C-4752-BBED-53E8C73D082A}.Release|Any CPU.Build.0 = Release|Any CPU
		{F5A93856-72A5-45A7-AE32-2CADB5C686C5}.Debug|Any CPU.ActiveCfg = Debug|Any CPU
		{F5A93856-72A5-45A7-AE32-2CADB5C686C5}.Debug|Any CPU.Build.0 = Debug|Any CPU
		{F5A93856-72A5-45A7-AE32-2CADB5C686C5}.Release|Any CPU.ActiveCfg = Release|Any CPU
		{F5A93856-72A5-45A7-AE32-2CADB5C686C5}.Release|Any CPU.Build.0 = Release|Any CPU
		{67E3A17A-6095-4D86-8DC6-D837C31549E2}.Debug|Any CPU.ActiveCfg = Debug|Any CPU
		{67E3A17A-6095-4D86-8DC6-D837C31549E2}.Debug|Any CPU.Build.0 = Debug|Any CPU
		{67E3A17A-6095-4D86-8DC6-D837C31549E2}.Release|Any CPU.ActiveCfg = Release|Any CPU
		{67E3A17A-6095-4D86-8DC6-D837C31549E2}.Release|Any CPU.Build.0 = Release|Any CPU
	EndGlobalSection
	GlobalSection(SolutionProperties) = preSolution
		HideSolutionNode = FALSE
	EndGlobalSection
	GlobalSection(ExtensibilityGlobals) = postSolution
		SolutionGuid = {557CE7CC-570B-4962-8419-6F0AF1DFB9BE}
	EndGlobalSection
EndGlobal
